
Microsoft Visual Studio Solution File, Format Version 12.00
# Visual Studio Version 17
VisualStudioVersion = 17.6.33815.320
MinimumVisualStudioVersion = 10.0.40219.1
Project("{9A19103F-16F7-4668-BE54-9A1E7A4F7556}") = "I18N.Avalonia.Prism", "src\I18N.Avalonia.Prism\I18N.Avalonia.Prism.csproj", "{446E040F-84F1-49F9-B3B0-916F5A741255}"
EndProject
Project("{9A19103F-16F7-4668-BE54-9A1E7A4F7556}") = "I18N.Avalonia.ReactiveUi", "src\I18N.Avalonia.ReactiveUi\I18N.Avalonia.ReactiveUi.csproj", "{F0FDBEBB-2F50-42F5-9E01-5505518FA369}"
EndProject
Project("{9A19103F-16F7-4668-BE54-9A1E7A4F7556}") = "I18N.Avalonia", "src\I18N.Core\I18N.Avalonia.csproj", "{3D5DF9CA-EB3D-4EE4-8DA7-5E5CE33ED695}"
EndProject
Project("{2150E333-8FDC-42A3-9474-1A3956D46DE8}") = "Testing", "Testing", "{B9302A6B-5044-43A1-9C70-6105DD4D38B0}"
EndProject
Project("{9A19103F-16F7-4668-BE54-9A1E7A4F7556}") = "I18N.Avalonia.Test", "test\Avalonia.I18N.Test\I18N.Avalonia.Test.csproj", "{58616775-B4B2-4893-A46F-83F0D6578017}"
EndProject
Project("{2150E333-8FDC-42A3-9474-1A3956D46DE8}") = "Example", "Example", "{FE408442-E59D-49EB-A66B-989F13B2447A}"
EndProject
Project("{9A19103F-16F7-4668-BE54-9A1E7A4F7556}") = "I18N.Avalonia.Prism.Eleven", "example\I18N.Avalonia.Prism.Eleven\I18N.Avalonia.Prism.Eleven.csproj", "{5CEB922F-5B11-4A60-9455-7D5F13E234B7}"
EndProject
Project("{9A19103F-16F7-4668-BE54-9A1E7A4F7556}") = "I18N.Avalonia.Prism.Zero", "example\I18N.Avalonia.Prism.Zero\I18N.Avalonia.Prism.Zero.csproj", "{489A8C5D-1B47-4042-9F23-385BE8187BF9}"
EndProject
Project("{9A19103F-16F7-4668-BE54-9A1E7A4F7556}") = "I18N.Avalonia.ReactiveUi.Eleven", "example\I18N.Avalonia.ReactiveUi.Eleven\I18N.Avalonia.ReactiveUi.Eleven.csproj", "{2D8ADA7A-E620-4D55-9C72-856CCA5267FC}"
EndProject
Project("{9A19103F-16F7-4668-BE54-9A1E7A4F7556}") = "I18N.Avalonia.ReactiveUi.Zero", "example\I18N.Avalonia.ReactiveUi.Zero\I18N.Avalonia.ReactiveUi.Zero.csproj", "{5E64D2AB-A576-4972-B62F-F32AE7F1423D}"
EndProject
Project("{2150E333-8FDC-42A3-9474-1A3956D46DE8}") = "Build", "Build", "{FD8F8F26-834D-4097-8E6A-9D3B69BFB114}"
	ProjectSection(SolutionItems) = preProject
		build\Base.props = build\Base.props
	EndProjectSection
EndProject
Global
	GlobalSection(SolutionConfigurationPlatforms) = preSolution
		Debug|Any CPU = Debug|Any CPU
		Release|Any CPU = Release|Any CPU
	EndGlobalSection
	GlobalSection(ProjectConfigurationPlatforms) = postSolution
		{446E040F-84F1-49F9-B3B0-916F5A741255}.Debug|Any CPU.ActiveCfg = Debug|Any CPU
		{446E040F-84F1-49F9-B3B0-916F5A741255}.Debug|Any CPU.Build.0 = Debug|Any CPU
		{446E040F-84F1-49F9-B3B0-916F5A741255}.Release|Any CPU.ActiveCfg = Release|Any CPU
		{446E040F-84F1-49F9-B3B0-916F5A741255}.Release|Any CPU.Build.0 = Release|Any CPU
		{F0FDBEBB-2F50-42F5-9E01-5505518FA369}.Debug|Any CPU.ActiveCfg = Debug|Any CPU
		{F0FDBEBB-2F50-42F5-9E01-5505518FA369}.Debug|Any CPU.Build.0 = Debug|Any CPU
		{F0FDBEBB-2F50-42F5-9E01-5505518FA369}.Release|Any CPU.ActiveCfg = Release|Any CPU
		{F0FDBEBB-2F50-42F5-9E01-5505518FA369}.Release|Any CPU.Build.0 = Release|Any CPU
		{3D5DF9CA-EB3D-4EE4-8DA7-5E5CE33ED695}.Debug|Any CPU.ActiveCfg = Debug|Any CPU
		{3D5DF9CA-EB3D-4EE4-8DA7-5E5CE33ED695}.Debug|Any CPU.Build.0 = Debug|Any CPU
		{3D5DF9CA-EB3D-4EE4-8DA7-5E5CE33ED695}.Release|Any CPU.ActiveCfg = Release|Any CPU
		{3D5DF9CA-EB3D-4EE4-8DA7-5E5CE33ED695}.Release|Any CPU.Build.0 = Release|Any CPU
		{58616775-B4B2-4893-A46F-83F0D6578017}.Debug|Any CPU.ActiveCfg = Debug|Any CPU
		{58616775-B4B2-4893-A46F-83F0D6578017}.Debug|Any CPU.Build.0 = Debug|Any CPU
		{58616775-B4B2-4893-A46F-83F0D6578017}.Release|Any CPU.ActiveCfg = Release|Any CPU
		{58616775-B4B2-4893-A46F-83F0D6578017}.Release|Any CPU.Build.0 = Release|Any CPU
		{5CEB922F-5B11-4A60-9455-7D5F13E234B7}.Debug|Any CPU.ActiveCfg = Debug|Any CPU
		{5CEB922F-5B11-4A60-9455-7D5F13E234B7}.Debug|Any CPU.Build.0 = Debug|Any CPU
		{5CEB922F-5B11-4A60-9455-7D5F13E234B7}.Release|Any CPU.ActiveCfg = Release|Any CPU
		{5CEB922F-5B11-4A60-9455-7D5F13E234B7}.Release|Any CPU.Build.0 = Release|Any CPU
		{489A8C5D-1B47-4042-9F23-385BE8187BF9}.Debug|Any CPU.ActiveCfg = Debug|Any CPU
		{489A8C5D-1B47-4042-9F23-385BE8187BF9}.Debug|Any CPU.Build.0 = Debug|Any CPU
		{489A8C5D-1B47-4042-9F23-385BE8187BF9}.Release|Any CPU.ActiveCfg = Release|Any CPU
		{489A8C5D-1B47-4042-9F23-385BE8187BF9}.Release|Any CPU.Build.0 = Release|Any CPU
		{2D8ADA7A-E620-4D55-9C72-856CCA5267FC}.Debug|Any CPU.ActiveCfg = Debug|Any CPU
		{2D8ADA7A-E620-4D55-9C72-856CCA5267FC}.Debug|Any CPU.Build.0 = Debug|Any CPU
		{2D8ADA7A-E620-4D55-9C72-856CCA5267FC}.Release|Any CPU.ActiveCfg = Release|Any CPU
		{2D8ADA7A-E620-4D55-9C72-856CCA5267FC}.Release|Any CPU.Build.0 = Release|Any CPU
		{5E64D2AB-A576-4972-B62F-F32AE7F1423D}.Debug|Any CPU.ActiveCfg = Debug|Any CPU
		{5E64D2AB-A576-4972-B62F-F32AE7F1423D}.Debug|Any CPU.Build.0 = Debug|Any CPU
		{5E64D2AB-A576-4972-B62F-F32AE7F1423D}.Release|Any CPU.ActiveCfg = Release|Any CPU
		{5E64D2AB-A576-4972-B62F-F32AE7F1423D}.Release|Any CPU.Build.0 = Release|Any CPU
	EndGlobalSection
	GlobalSection(SolutionProperties) = preSolution
		HideSolutionNode = FALSE
	EndGlobalSection
	GlobalSection(NestedProjects) = preSolution
		{58616775-B4B2-4893-A46F-83F0D6578017} = {B9302A6B-5044-43A1-9C70-6105DD4D38B0}
		{5CEB922F-5B11-4A60-9455-7D5F13E234B7} = {FE408442-E59D-49EB-A66B-989F13B2447A}
		{489A8C5D-1B47-4042-9F23-385BE8187BF9} = {FE408442-E59D-49EB-A66B-989F13B2447A}
		{2D8ADA7A-E620-4D55-9C72-856CCA5267FC} = {FE408442-E59D-49EB-A66B-989F13B2447A}
		{5E64D2AB-A576-4972-B62F-F32AE7F1423D} = {FE408442-E59D-49EB-A66B-989F13B2447A}
	EndGlobalSection
	GlobalSection(ExtensibilityGlobals) = postSolution
		SolutionGuid = {AF34CF32-E744-411B-959D-BC0AD5FF5315}
	EndGlobalSection
EndGlobal
